
Microsoft Visual Studio Solution File, Format Version 12.00
# Visual Studio 15
VisualStudioVersion = 15.0.26730.15
MinimumVisualStudioVersion = 10.0.40219.1
Project("{2150E333-8FDC-42A3-9474-1A3956D46DE8}") = "Modules", "Modules", "{0E81B5A4-B6C5-40F3-814E-0171B10C3CD1}"
EndProject
Project("{2150E333-8FDC-42A3-9474-1A3956D46DE8}") = "Critical", "Critical", "{650416FE-F42A-478E-B345-1980B0548967}"
EndProject
Project("{2150E333-8FDC-42A3-9474-1A3956D46DE8}") = "Non-Critical", "Non-Critical", "{B07902B1-4BCA-4FD8-AE56-1A9710466167}"
EndProject
Project("{FAE04EC0-301F-11D3-BF4B-00C04F79EFBC}") = "ObstacleAvoidance", "Modules\Critical\ObstacleAvoidance\ObstacleAvoidance.csproj", "{0E642776-D975-44E9-9329-596692B6866D}"
EndProject
Project("{FAE04EC0-301F-11D3-BF4B-00C04F79EFBC}") = "MissionPlanning", "Modules\Non-Critical\MissionPlanning\MissionPlanning.csproj", "{B66AADF8-EE9A-4B9A-A415-773F7C982404}"
EndProject
Project("{2150E333-8FDC-42A3-9474-1A3956D46DE8}") = "Monitors", "Monitors", "{5ACF9715-F095-4D71-A23A-AC742F4F9C30}"
EndProject
Project("{FAE04EC0-301F-11D3-BF4B-00C04F79EFBC}") = "CriticalMonitor", "Monitors\CriticalMonitor\CriticalMonitor.csproj", "{CA972073-0762-4D78-9BD9-357F4A02048D}"
EndProject
Project("{FAE04EC0-301F-11D3-BF4B-00C04F79EFBC}") = "NonCriticalMonitor", "Monitors\NonCriticalMonitor\NonCriticalMonitor.csproj", "{D35169D4-C5C8-410B-ABF3-5B9D58592D50}"
EndProject
Project("{2150E333-8FDC-42A3-9474-1A3956D46DE8}") = "Main", "Main", "{64DFEE90-5D5D-4E19-9D62-81BA160F586C}"
EndProject
Project("{FAE04EC0-301F-11D3-BF4B-00C04F79EFBC}") = "Main", "Main\Main\Main.csproj", "{A6173AC0-0C41-4086-AB51-488DFD32B31F}"
EndProject
Project("{FAE04EC0-301F-11D3-BF4B-00C04F79EFBC}") = "Common", "Modules\Common\Common.csproj", "{CCDE93C2-F7AE-4828-9D90-EEF18D7E617A}"
EndProject
Project("{FAE04EC0-301F-11D3-BF4B-00C04F79EFBC}") = "Common", "Monitors\Common\Common.csproj", "{1FCFFD5D-ADCA-4697-B47A-5BD639EA80F9}"
EndProject
Project("{2150E333-8FDC-42A3-9474-1A3956D46DE8}") = "Common", "Common", "{B6CEA38D-6CF7-4C3A-A95F-B0B8B4C62133}"
EndProject
Global
	GlobalSection(SolutionConfigurationPlatforms) = preSolution
		Debug|Any CPU = Debug|Any CPU
		Release|Any CPU = Release|Any CPU
	EndGlobalSection
	GlobalSection(ProjectConfigurationPlatforms) = postSolution
		{0E642776-D975-44E9-9329-596692B6866D}.Debug|Any CPU.ActiveCfg = Debug|Any CPU
		{0E642776-D975-44E9-9329-596692B6866D}.Debug|Any CPU.Build.0 = Debug|Any CPU
		{0E642776-D975-44E9-9329-596692B6866D}.Release|Any CPU.ActiveCfg = Release|Any CPU
		{0E642776-D975-44E9-9329-596692B6866D}.Release|Any CPU.Build.0 = Release|Any CPU
		{B66AADF8-EE9A-4B9A-A415-773F7C982404}.Debug|Any CPU.ActiveCfg = Debug|Any CPU
		{B66AADF8-EE9A-4B9A-A415-773F7C982404}.Debug|Any CPU.Build.0 = Debug|Any CPU
		{B66AADF8-EE9A-4B9A-A415-773F7C982404}.Release|Any CPU.ActiveCfg = Release|Any CPU
		{B66AADF8-EE9A-4B9A-A415-773F7C982404}.Release|Any CPU.Build.0 = Release|Any CPU
		{CA972073-0762-4D78-9BD9-357F4A02048D}.Debug|Any CPU.ActiveCfg = Debug|Any CPU
		{CA972073-0762-4D78-9BD9-357F4A02048D}.Debug|Any CPU.Build.0 = Debug|Any CPU
		{CA972073-0762-4D78-9BD9-357F4A02048D}.Release|Any CPU.ActiveCfg = Release|Any CPU
		{CA972073-0762-4D78-9BD9-357F4A02048D}.Release|Any CPU.Build.0 = Release|Any CPU
		{D35169D4-C5C8-410B-ABF3-5B9D58592D50}.Debug|Any CPU.ActiveCfg = Debug|Any CPU
		{D35169D4-C5C8-410B-ABF3-5B9D58592D50}.Debug|Any CPU.Build.0 = Debug|Any CPU
		{D35169D4-C5C8-410B-ABF3-5B9D58592D50}.Release|Any CPU.ActiveCfg = Release|Any CPU
		{D35169D4-C5C8-410B-ABF3-5B9D58592D50}.Release|Any CPU.Build.0 = Release|Any CPU
		{A6173AC0-0C41-4086-AB51-488DFD32B31F}.Debug|Any CPU.ActiveCfg = Debug|Any CPU
		{A6173AC0-0C41-4086-AB51-488DFD32B31F}.Debug|Any CPU.Build.0 = Debug|Any CPU
		{A6173AC0-0C41-4086-AB51-488DFD32B31F}.Release|Any CPU.ActiveCfg = Release|Any CPU
		{A6173AC0-0C41-4086-AB51-488DFD32B31F}.Release|Any CPU.Build.0 = Release|Any CPU
		{CCDE93C2-F7AE-4828-9D90-EEF18D7E617A}.Debug|Any CPU.ActiveCfg = Debug|Any CPU
		{CCDE93C2-F7AE-4828-9D90-EEF18D7E617A}.Debug|Any CPU.Build.0 = Debug|Any CPU
		{CCDE93C2-F7AE-4828-9D90-EEF18D7E617A}.Release|Any CPU.ActiveCfg = Release|Any CPU
		{CCDE93C2-F7AE-4828-9D90-EEF18D7E617A}.Release|Any CPU.Build.0 = Release|Any CPU
		{1FCFFD5D-ADCA-4697-B47A-5BD639EA80F9}.Debug|Any CPU.ActiveCfg = Debug|Any CPU
		{1FCFFD5D-ADCA-4697-B47A-5BD639EA80F9}.Debug|Any CPU.Build.0 = Debug|Any CPU
		{1FCFFD5D-ADCA-4697-B47A-5BD639EA80F9}.Release|Any CPU.ActiveCfg = Release|Any CPU
		{1FCFFD5D-ADCA-4697-B47A-5BD639EA80F9}.Release|Any CPU.Build.0 = Release|Any CPU
	EndGlobalSection
	GlobalSection(SolutionProperties) = preSolution
		HideSolutionNode = FALSE
	EndGlobalSection
	GlobalSection(NestedProjects) = preSolution
		{650416FE-F42A-478E-B345-1980B0548967} = {0E81B5A4-B6C5-40F3-814E-0171B10C3CD1}
		{B07902B1-4BCA-4FD8-AE56-1A9710466167} = {0E81B5A4-B6C5-40F3-814E-0171B10C3CD1}
		{0E642776-D975-44E9-9329-596692B6866D} = {650416FE-F42A-478E-B345-1980B0548967}
		{B66AADF8-EE9A-4B9A-A415-773F7C982404} = {B07902B1-4BCA-4FD8-AE56-1A9710466167}
		{CA972073-0762-4D78-9BD9-357F4A02048D} = {5ACF9715-F095-4D71-A23A-AC742F4F9C30}
		{D35169D4-C5C8-410B-ABF3-5B9D58592D50} = {5ACF9715-F095-4D71-A23A-AC742F4F9C30}
		{A6173AC0-0C41-4086-AB51-488DFD32B31F} = {64DFEE90-5D5D-4E19-9D62-81BA160F586C}
		{CCDE93C2-F7AE-4828-9D90-EEF18D7E617A} = {0E81B5A4-B6C5-40F3-814E-0171B10C3CD1}
		{1FCFFD5D-ADCA-4697-B47A-5BD639EA80F9} = {5ACF9715-F095-4D71-A23A-AC742F4F9C30}
	EndGlobalSection
	GlobalSection(ExtensibilityGlobals) = postSolution
		SolutionGuid = {B02BD88A-105B-4503-939D-E370AD0B41EC}
	EndGlobalSection
EndGlobal
